
Microsoft Visual Studio Solution File, Format Version 12.00
# Visual Studio Version 16
VisualStudioVersion = 16.0.31410.357
MinimumVisualStudioVersion = 10.0.40219.1
Project("{FAE04EC0-301F-11D3-BF4B-00C04F79EFBC}") = "sssmvc", "sssmvc\sssmvc.csproj", "{4A3DBFC9-65D4-4BA8-82E6-339D59569D66}"
EndProject
Project("{FAE04EC0-301F-11D3-BF4B-00C04F79EFBC}") = "sssbll", "sssbll\sssbll.csproj", "{0B1B99F4-5D0D-4798-9DAE-E6694B3AF585}"
EndProject
Project("{FAE04EC0-301F-11D3-BF4B-00C04F79EFBC}") = "sssdal", "sssdal\sssdal.csproj", "{93C4DF4F-D6BA-47A5-AC6B-021B3AA1A840}"
EndProject
Project("{2150E333-8FDC-42A3-9474-1A3956D46DE8}") = "wwwbll", "wwwbll", "{F7A29F14-37B4-4FD1-BDDC-41E102EDA10B}"
EndProject
Project("{FAE04EC0-301F-11D3-BF4B-00C04F79EFBC}") = "Entities", "wwwbll\Entities\Entities.csproj", "{3559C386-5FB3-42FC-993D-FB6ADF01EF7F}"
EndProject
Project("{FAE04EC0-301F-11D3-BF4B-00C04F79EFBC}") = "Repositories", "wwwbll\Repositories\Repositories.csproj", "{D2E7259F-2C3E-44CC-9617-888DDE9AE488}"
EndProject
Project("{FAE04EC0-301F-11D3-BF4B-00C04F79EFBC}") = "wwwui", "wwwui\wwwui.csproj", "{519073CA-EDD7-46E3-AEE0-72AD724BDCD1}"
EndProject
Project("{2150E333-8FDC-42A3-9474-1A3956D46DE8}") = "aaaui", "aaaui", "{6EE19456-06F7-42E0-8AD6-6B222276CD55}"
EndProject
Project("{2150E333-8FDC-42A3-9474-1A3956D46DE8}") = "aaabll", "aaabll", "{51807AC1-591B-4A6F-B9A4-776904C53A39}"
EndProject
Project("{2150E333-8FDC-42A3-9474-1A3956D46DE8}") = "aaasrv", "aaasrv", "{FAE53E4F-C072-46D9-AE7C-00AD1390CC6B}"
EndProject
Project("{FAE04EC0-301F-11D3-BF4B-00C04F79EFBC}") = "aaabll.Repositories", "aaabll\aaabll.Repositories\aaabll.Repositories.csproj", "{B4E013E4-BA62-4046-AFB1-4287F2345EA6}"
EndProject
Project("{FAE04EC0-301F-11D3-BF4B-00C04F79EFBC}") = "aaabll.Entities", "aaabll\aaabll.Entities\aaabll.Entities.csproj", "{93E39D17-AAC6-4BC5-9FBF-915EBE0BE41D}"
EndProject
Project("{FAE04EC0-301F-11D3-BF4B-00C04F79EFBC}") = "aaaui.front", "aaaui\aaaui.front\aaaui.front.csproj", "{55159360-EB7E-45F8-86EE-E1C306934169}"
EndProject
Project("{FAE04EC0-301F-11D3-BF4B-00C04F79EFBC}") = "aaasrv.ProdService", "aaasrv\aaasrv.ProdService\aaasrv.ProdService.csproj", "{8FF80068-7940-419B-87A4-7CCF1FD21BB4}"
EndProject
Project("{FAE04EC0-301F-11D3-BF4B-00C04F79EFBC}") = "aaasrv.ViewModel", "aaasrv\aaasrv.ViewModel\aaasrv.ViewModel.csproj", "{F7C1118A-6AD3-4D0B-A099-4A608B4A5EA0}"
EndProject
Project("{FAE04EC0-301F-11D3-BF4B-00C04F79EFBC}") = "aaasrv.ServiceInterface", "aaasrv\aaasrv.ServiceInterface\aaasrv.ServiceInterface.csproj", "{D71D286F-EC13-40A4-BF23-88B8758C44AA}"
EndProject
Project("{FAE04EC0-301F-11D3-BF4B-00C04F79EFBC}") = "aaasrv.MockService", "aaasrv\aaasrv.MockService\aaasrv.MockService.csproj", "{2381BC37-687E-49A8-AE10-7E74AF5E432F}"
EndProject
Project("{FAE04EC0-301F-11D3-BF4B-00C04F79EFBC}") = "aaaui.back", "aaaui\aaaui.back\aaaui.back.csproj", "{5530E76A-2D25-4CFC-A0D7-7D4339EEAF17}"
EndProject
Project("{2150E333-8FDC-42A3-9474-1A3956D46DE8}") = "aaaglb", "aaaglb", "{76734816-4687-44DE-9AC5-E4FDBBDFADF5}"
EndProject
Project("{FAE04EC0-301F-11D3-BF4B-00C04F79EFBC}") = "aaaglb.Global", "aaaglb\aaaglb.Global\aaaglb.Global.csproj", "{6EA2BCD5-0471-44AD-AEEF-C3E1C8F67E68}"
EndProject
Project("{2150E333-8FDC-42A3-9474-1A3956D46DE8}") = "aaatool", "aaatool", "{C44E04AF-3CB7-4BB1-ACC5-690B14C93BC7}"
EndProject
Project("{FAE04EC0-301F-11D3-BF4B-00C04F79EFBC}") = "aaatool.DbFactory", "aaatool\aaatool.DbFactory\aaatool.DbFactory.csproj", "{10379E2B-585B-4667-9EDD-B6F4CA6A9BE0}"
EndProject
Global
	GlobalSection(SolutionConfigurationPlatforms) = preSolution
		Debug|Any CPU = Debug|Any CPU
		Release|Any CPU = Release|Any CPU
	EndGlobalSection
	GlobalSection(ProjectConfigurationPlatforms) = postSolution
		{4A3DBFC9-65D4-4BA8-82E6-339D59569D66}.Debug|Any CPU.ActiveCfg = Debug|Any CPU
		{4A3DBFC9-65D4-4BA8-82E6-339D59569D66}.Debug|Any CPU.Build.0 = Debug|Any CPU
		{4A3DBFC9-65D4-4BA8-82E6-339D59569D66}.Release|Any CPU.ActiveCfg = Release|Any CPU
		{4A3DBFC9-65D4-4BA8-82E6-339D59569D66}.Release|Any CPU.Build.0 = Release|Any CPU
		{0B1B99F4-5D0D-4798-9DAE-E6694B3AF585}.Debug|Any CPU.ActiveCfg = Debug|Any CPU
		{0B1B99F4-5D0D-4798-9DAE-E6694B3AF585}.Debug|Any CPU.Build.0 = Debug|Any CPU
		{0B1B99F4-5D0D-4798-9DAE-E6694B3AF585}.Release|Any CPU.ActiveCfg = Release|Any CPU
		{0B1B99F4-5D0D-4798-9DAE-E6694B3AF585}.Release|Any CPU.Build.0 = Release|Any CPU
		{93C4DF4F-D6BA-47A5-AC6B-021B3AA1A840}.Debug|Any CPU.ActiveCfg = Debug|Any CPU
		{93C4DF4F-D6BA-47A5-AC6B-021B3AA1A840}.Debug|Any CPU.Build.0 = Debug|Any CPU
		{93C4DF4F-D6BA-47A5-AC6B-021B3AA1A840}.Release|Any CPU.ActiveCfg = Release|Any CPU
		{93C4DF4F-D6BA-47A5-AC6B-021B3AA1A840}.Release|Any CPU.Build.0 = Release|Any CPU
		{3559C386-5FB3-42FC-993D-FB6ADF01EF7F}.Debug|Any CPU.ActiveCfg = Debug|Any CPU
		{3559C386-5FB3-42FC-993D-FB6ADF01EF7F}.Debug|Any CPU.Build.0 = Debug|Any CPU
		{3559C386-5FB3-42FC-993D-FB6ADF01EF7F}.Release|Any CPU.ActiveCfg = Release|Any CPU
		{3559C386-5FB3-42FC-993D-FB6ADF01EF7F}.Release|Any CPU.Build.0 = Release|Any CPU
		{D2E7259F-2C3E-44CC-9617-888DDE9AE488}.Debug|Any CPU.ActiveCfg = Debug|Any CPU
		{D2E7259F-2C3E-44CC-9617-888DDE9AE488}.Debug|Any CPU.Build.0 = Debug|Any CPU
		{D2E7259F-2C3E-44CC-9617-888DDE9AE488}.Release|Any CPU.ActiveCfg = Release|Any CPU
		{D2E7259F-2C3E-44CC-9617-888DDE9AE488}.Release|Any CPU.Build.0 = Release|Any CPU
		{519073CA-EDD7-46E3-AEE0-72AD724BDCD1}.Debug|Any CPU.ActiveCfg = Debug|Any CPU
		{519073CA-EDD7-46E3-AEE0-72AD724BDCD1}.Debug|Any CPU.Build.0 = Debug|Any CPU
		{519073CA-EDD7-46E3-AEE0-72AD724BDCD1}.Release|Any CPU.ActiveCfg = Release|Any CPU
		{519073CA-EDD7-46E3-AEE0-72AD724BDCD1}.Release|Any CPU.Build.0 = Release|Any CPU
		{B4E013E4-BA62-4046-AFB1-4287F2345EA6}.Debug|Any CPU.ActiveCfg = Debug|Any CPU
		{B4E013E4-BA62-4046-AFB1-4287F2345EA6}.Debug|Any CPU.Build.0 = Debug|Any CPU
		{B4E013E4-BA62-4046-AFB1-4287F2345EA6}.Release|Any CPU.ActiveCfg = Release|Any CPU
		{B4E013E4-BA62-4046-AFB1-4287F2345EA6}.Release|Any CPU.Build.0 = Release|Any CPU
		{93E39D17-AAC6-4BC5-9FBF-915EBE0BE41D}.Debug|Any CPU.ActiveCfg = Debug|Any CPU
		{93E39D17-AAC6-4BC5-9FBF-915EBE0BE41D}.Debug|Any CPU.Build.0 = Debug|Any CPU
		{93E39D17-AAC6-4BC5-9FBF-915EBE0BE41D}.Release|Any CPU.ActiveCfg = Release|Any CPU
		{93E39D17-AAC6-4BC5-9FBF-915EBE0BE41D}.Release|Any CPU.Build.0 = Release|Any CPU
		{55159360-EB7E-45F8-86EE-E1C306934169}.Debug|Any CPU.ActiveCfg = Debug|Any CPU
		{55159360-EB7E-45F8-86EE-E1C306934169}.Debug|Any CPU.Build.0 = Debug|Any CPU
		{55159360-EB7E-45F8-86EE-E1C306934169}.Release|Any CPU.ActiveCfg = Release|Any CPU
		{55159360-EB7E-45F8-86EE-E1C306934169}.Release|Any CPU.Build.0 = Release|Any CPU
		{8FF80068-7940-419B-87A4-7CCF1FD21BB4}.Debug|Any CPU.ActiveCfg = Debug|Any CPU
		{8FF80068-7940-419B-87A4-7CCF1FD21BB4}.Debug|Any CPU.Build.0 = Debug|Any CPU
		{8FF80068-7940-419B-87A4-7CCF1FD21BB4}.Release|Any CPU.ActiveCfg = Release|Any CPU
		{8FF80068-7940-419B-87A4-7CCF1FD21BB4}.Release|Any CPU.Build.0 = Release|Any CPU
		{F7C1118A-6AD3-4D0B-A099-4A608B4A5EA0}.Debug|Any CPU.ActiveCfg = Debug|Any CPU
		{F7C1118A-6AD3-4D0B-A099-4A608B4A5EA0}.Debug|Any CPU.Build.0 = Debug|Any CPU
		{F7C1118A-6AD3-4D0B-A099-4A608B4A5EA0}.Release|Any CPU.ActiveCfg = Release|Any CPU
		{F7C1118A-6AD3-4D0B-A099-4A608B4A5EA0}.Release|Any CPU.Build.0 = Release|Any CPU
		{D71D286F-EC13-40A4-BF23-88B8758C44AA}.Debug|Any CPU.ActiveCfg = Debug|Any CPU
		{D71D286F-EC13-40A4-BF23-88B8758C44AA}.Debug|Any CPU.Build.0 = Debug|Any CPU
		{D71D286F-EC13-40A4-BF23-88B8758C44AA}.Release|Any CPU.ActiveCfg = Release|Any CPU
		{D71D286F-EC13-40A4-BF23-88B8758C44AA}.Release|Any CPU.Build.0 = Release|Any CPU
		{2381BC37-687E-49A8-AE10-7E74AF5E432F}.Debug|Any CPU.ActiveCfg = Debug|Any CPU
		{2381BC37-687E-49A8-AE10-7E74AF5E432F}.Debug|Any CPU.Build.0 = Debug|Any CPU
		{2381BC37-687E-49A8-AE10-7E74AF5E432F}.Release|Any CPU.ActiveCfg = Release|Any CPU
		{2381BC37-687E-49A8-AE10-7E74AF5E432F}.Release|Any CPU.Build.0 = Release|Any CPU
		{5530E76A-2D25-4CFC-A0D7-7D4339EEAF17}.Debug|Any CPU.ActiveCfg = Debug|Any CPU
		{5530E76A-2D25-4CFC-A0D7-7D4339EEAF17}.Debug|Any CPU.Build.0 = Debug|Any CPU
		{5530E76A-2D25-4CFC-A0D7-7D4339EEAF17}.Release|Any CPU.ActiveCfg = Release|Any CPU
		{5530E76A-2D25-4CFC-A0D7-7D4339EEAF17}.Release|Any CPU.Build.0 = Release|Any CPU
		{6EA2BCD5-0471-44AD-AEEF-C3E1C8F67E68}.Debug|Any CPU.ActiveCfg = Debug|Any CPU
		{6EA2BCD5-0471-44AD-AEEF-C3E1C8F67E68}.Debug|Any CPU.Build.0 = Debug|Any CPU
		{6EA2BCD5-0471-44AD-AEEF-C3E1C8F67E68}.Release|Any CPU.ActiveCfg = Release|Any CPU
		{6EA2BCD5-0471-44AD-AEEF-C3E1C8F67E68}.Release|Any CPU.Build.0 = Release|Any CPU
		{10379E2B-585B-4667-9EDD-B6F4CA6A9BE0}.Debug|Any CPU.ActiveCfg = Debug|Any CPU
		{10379E2B-585B-4667-9EDD-B6F4CA6A9BE0}.Debug|Any CPU.Build.0 = Debug|Any CPU
		{10379E2B-585B-4667-9EDD-B6F4CA6A9BE0}.Release|Any CPU.ActiveCfg = Release|Any CPU
		{10379E2B-585B-4667-9EDD-B6F4CA6A9BE0}.Release|Any CPU.Build.0 = Release|Any CPU
	EndGlobalSection
	GlobalSection(SolutionProperties) = preSolution
		HideSolutionNode = FALSE
	EndGlobalSection
	GlobalSection(NestedProjects) = preSolution
		{3559C386-5FB3-42FC-993D-FB6ADF01EF7F} = {F7A29F14-37B4-4FD1-BDDC-41E102EDA10B}
		{D2E7259F-2C3E-44CC-9617-888DDE9AE488} = {F7A29F14-37B4-4FD1-BDDC-41E102EDA10B}
		{B4E013E4-BA62-4046-AFB1-4287F2345EA6} = {51807AC1-591B-4A6F-B9A4-776904C53A39}
		{93E39D17-AAC6-4BC5-9FBF-915EBE0BE41D} = {51807AC1-591B-4A6F-B9A4-776904C53A39}
		{55159360-EB7E-45F8-86EE-E1C306934169} = {6EE19456-06F7-42E0-8AD6-6B222276CD55}
		{8FF80068-7940-419B-87A4-7CCF1FD21BB4} = {FAE53E4F-C072-46D9-AE7C-00AD1390CC6B}
		{F7C1118A-6AD3-4D0B-A099-4A608B4A5EA0} = {FAE53E4F-C072-46D9-AE7C-00AD1390CC6B}
		{D71D286F-EC13-40A4-BF23-88B8758C44AA} = {FAE53E4F-C072-46D9-AE7C-00AD1390CC6B}
		{2381BC37-687E-49A8-AE10-7E74AF5E432F} = {FAE53E4F-C072-46D9-AE7C-00AD1390CC6B}
		{5530E76A-2D25-4CFC-A0D7-7D4339EEAF17} = {6EE19456-06F7-42E0-8AD6-6B222276CD55}
		{6EA2BCD5-0471-44AD-AEEF-C3E1C8F67E68} = {76734816-4687-44DE-9AC5-E4FDBBDFADF5}
		{10379E2B-585B-4667-9EDD-B6F4CA6A9BE0} = {C44E04AF-3CB7-4BB1-ACC5-690B14C93BC7}
	EndGlobalSection
	GlobalSection(ExtensibilityGlobals) = postSolution
		SolutionGuid = {E5465508-0C48-4D7B-8F2E-3EECFA2593B5}
	EndGlobalSection
EndGlobal
